
Microsoft Visual Studio Solution File, Format Version 12.00
# Visual Studio Version 17
VisualStudioVersion = 17.7.34009.444
MinimumVisualStudioVersion = 10.0.40219.1
Project("{FAE04EC0-301F-11D3-BF4B-00C04F79EFBC}") = "PruebaTec", "PruebaTec\PruebaTec.csproj", "{AE34CA0E-9BB3-4AEC-9781-1FB1D3787372}"
EndProject
Project("{FAE04EC0-301F-11D3-BF4B-00C04F79EFBC}") = "ConsoleApp", "ConsoleApp\ConsoleApp.csproj", "{E922AEA0-E151-4E69-9E5C-3076EA4AE39B}"
EndProject
Project("{FAE04EC0-301F-11D3-BF4B-00C04F79EFBC}") = "DL", "DL\DL.csproj", "{6699D54C-56F9-4ABC-A6AD-41115ABDBB08}"
EndProject
Project("{FAE04EC0-301F-11D3-BF4B-00C04F79EFBC}") = "ML", "ML\ML.csproj", "{82D10796-2F70-4FE0-913E-814D80E4E488}"
EndProject
Project("{FAE04EC0-301F-11D3-BF4B-00C04F79EFBC}") = "PL", "PL\PL.csproj", "{B614FA62-C994-4485-86EF-231A12197263}"
EndProject
Project("{FAE04EC0-301F-11D3-BF4B-00C04F79EFBC}") = "BL", "BL\BL.csproj", "{41464525-E78F-4EE3-903B-233C2AEE8D48}"
EndProject
Global
	GlobalSection(SolutionConfigurationPlatforms) = preSolution
		Debug|Any CPU = Debug|Any CPU
		Release|Any CPU = Release|Any CPU
	EndGlobalSection
	GlobalSection(ProjectConfigurationPlatforms) = postSolution
		{AE34CA0E-9BB3-4AEC-9781-1FB1D3787372}.Debug|Any CPU.ActiveCfg = Debug|Any CPU
		{AE34CA0E-9BB3-4AEC-9781-1FB1D3787372}.Debug|Any CPU.Build.0 = Debug|Any CPU
		{AE34CA0E-9BB3-4AEC-9781-1FB1D3787372}.Release|Any CPU.ActiveCfg = Release|Any CPU
		{AE34CA0E-9BB3-4AEC-9781-1FB1D3787372}.Release|Any CPU.Build.0 = Release|Any CPU
		{E922AEA0-E151-4E69-9E5C-3076EA4AE39B}.Debug|Any CPU.ActiveCfg = Debug|Any CPU
		{E922AEA0-E151-4E69-9E5C-3076EA4AE39B}.Debug|Any CPU.Build.0 = Debug|Any CPU
		{E922AEA0-E151-4E69-9E5C-3076EA4AE39B}.Release|Any CPU.ActiveCfg = Release|Any CPU
		{E922AEA0-E151-4E69-9E5C-3076EA4AE39B}.Release|Any CPU.Build.0 = Release|Any CPU
		{6699D54C-56F9-4ABC-A6AD-41115ABDBB08}.Debug|Any CPU.ActiveCfg = Debug|Any CPU
		{6699D54C-56F9-4ABC-A6AD-41115ABDBB08}.Debug|Any CPU.Build.0 = Debug|Any CPU
		{6699D54C-56F9-4ABC-A6AD-41115ABDBB08}.Release|Any CPU.ActiveCfg = Release|Any CPU
		{6699D54C-56F9-4ABC-A6AD-41115ABDBB08}.Release|Any CPU.Build.0 = Release|Any CPU
		{82D10796-2F70-4FE0-913E-814D80E4E488}.Debug|Any CPU.ActiveCfg = Debug|Any CPU
		{82D10796-2F70-4FE0-913E-814D80E4E488}.Debug|Any CPU.Build.0 = Debug|Any CPU
		{82D10796-2F70-4FE0-913E-814D80E4E488}.Release|Any CPU.ActiveCfg = Release|Any CPU
		{82D10796-2F70-4FE0-913E-814D80E4E488}.Release|Any CPU.Build.0 = Release|Any CPU
		{B614FA62-C994-4485-86EF-231A12197263}.Debug|Any CPU.ActiveCfg = Debug|Any CPU
		{B614FA62-C994-4485-86EF-231A12197263}.Debug|Any CPU.Build.0 = Debug|Any CPU
		{B614FA62-C994-4485-86EF-231A12197263}.Release|Any CPU.ActiveCfg = Release|Any CPU
		{B614FA62-C994-4485-86EF-231A12197263}.Release|Any CPU.Build.0 = Release|Any CPU
		{41464525-E78F-4EE3-903B-233C2AEE8D48}.Debug|Any CPU.ActiveCfg = Debug|Any CPU
		{41464525-E78F-4EE3-903B-233C2AEE8D48}.Debug|Any CPU.Build.0 = Debug|Any CPU
		{41464525-E78F-4EE3-903B-233C2AEE8D48}.Release|Any CPU.ActiveCfg = Release|Any CPU
		{41464525-E78F-4EE3-903B-233C2AEE8D48}.Release|Any CPU.Build.0 = Release|Any CPU
	EndGlobalSection
	GlobalSection(SolutionProperties) = preSolution
		HideSolutionNode = FALSE
	EndGlobalSection
	GlobalSection(ExtensibilityGlobals) = postSolution
		SolutionGuid = {911C6225-D49D-4F73-A14F-C6A79BE46591}
	EndGlobalSection
EndGlobal
